Microsoft Visual Studio Solution File, Format Version 11.00
# Visual Studio 2008

Project("{68000257-EA6F-10DC-A905-5222AD6DC129}") = "final_project_ENGR-AD101_Project_files", "Assembly-CSharp.csproj", "{F30B977A-EE7F-02D5-A95B-647141C7B260}"
EndProject
Project("{68000257-EA6F-10DC-A905-5222AD6DC129}") = "final_project_ENGR-AD101_Project_files", "Assembly-CSharp-Editor.csproj", "{11CD31AC-7262-6C5B-1A6C-2EB829CC1AEB}"
EndProject
Project("{68000257-EA6F-10DC-A905-5222AD6DC129}") = "final_project_ENGR-AD101_Project_files", "Assembly-UnityScript.unityproj", "{1D3E4240-76E9-37C3-BD51-CC9ED09172A9}"
EndProject
Global
	GlobalSection(SolutionConfigurationPlatforms) = preSolution
		Debug|Any CPU = Debug|Any CPU
		Release|Any CPU = Release|Any CPU
	EndGlobalSection
	GlobalSection(ProjectConfigurationPlatforms) = postSolution
		{F30B977A-EE7F-02D5-A95B-647141C7B260}.Debug|Any CPU.ActiveCfg = Debug|Any CPU
		{F30B977A-EE7F-02D5-A95B-647141C7B260}.Debug|Any CPU.Build.0 = Debug|Any CPU
		{F30B977A-EE7F-02D5-A95B-647141C7B260}.Release|Any CPU.ActiveCfg = Release|Any CPU
		{F30B977A-EE7F-02D5-A95B-647141C7B260}.Release|Any CPU.Build.0 = Release|Any CPU
		{11CD31AC-7262-6C5B-1A6C-2EB829CC1AEB}.Debug|Any CPU.ActiveCfg = Debug|Any CPU
		{11CD31AC-7262-6C5B-1A6C-2EB829CC1AEB}.Debug|Any CPU.Build.0 = Debug|Any CPU
		{11CD31AC-7262-6C5B-1A6C-2EB829CC1AEB}.Release|Any CPU.ActiveCfg = Release|Any CPU
		{11CD31AC-7262-6C5B-1A6C-2EB829CC1AEB}.Release|Any CPU.Build.0 = Release|Any CPU
		{1D3E4240-76E9-37C3-BD51-CC9ED09172A9}.Debug|Any CPU.ActiveCfg = Debug|Any CPU
		{1D3E4240-76E9-37C3-BD51-CC9ED09172A9}.Debug|Any CPU.Build.0 = Debug|Any CPU
		{1D3E4240-76E9-37C3-BD51-CC9ED09172A9}.Release|Any CPU.ActiveCfg = Release|Any CPU
		{1D3E4240-76E9-37C3-BD51-CC9ED09172A9}.Release|Any CPU.Build.0 = Release|Any CPU
	EndGlobalSection
	GlobalSection(SolutionProperties) = preSolution
		HideSolutionNode = FALSE
	EndGlobalSection
	GlobalSection(MonoDevelopProperties) = preSolution
		StartupItem = Assembly-CSharp.csproj
	EndGlobalSection
EndGlobal
